// !$*UTF8*$!
{
	archiveVersion = 1;
	classes = {
	};
	objectVersion = 46;
	objects = {

/* Begin PBXBuildFile section */
		1866610119B5AA7D0092B7D6 /* Foundation.framework in Frameworks */ = {isa = PBXBuildFile; fileRef = 1866610019B5AA7D0092B7D6 /* Foundation.framework */; };
		1866610319B5AA7D0092B7D6 /* CoreGraphics.framework in Frameworks */ = {isa = PBXBuildFile; fileRef = 1866610219B5AA7D0092B7D6 /* CoreGraphics.framework */; };
		1866610519B5AA7D0092B7D6 /* UIKit.framework in Frameworks */ = {isa = PBXBuildFile; fileRef = 1866610419B5AA7D0092B7D6 /* UIKit.framework */; };
		1866610B19B5AA7D0092B7D6 /* InfoPlist.strings in Resources */ = {isa = PBXBuildFile; fileRef = 1866610919B5AA7D0092B7D6 /* InfoPlist.strings */; };
		1866610D19B5AA7D0092B7D6 /* main.m in Sources */ = {isa = PBXBuildFile; fileRef = 1866610C19B5AA7D0092B7D6 /* main.m */; };
		1866611119B5AA7D0092B7D6 /* HMAppDelegate.m in Sources */ = {isa = PBXBuildFile; fileRef = 1866611019B5AA7D0092B7D6 /* HMAppDelegate.m */; };
		1866611419B5AA7D0092B7D6 /* Main.storyboard in Resources */ = {isa = PBXBuildFile; fileRef = 1866611219B5AA7D0092B7D6 /* Main.storyboard */; };
		1866611719B5AA7D0092B7D6 /* HMViewController.m in Sources */ = {isa = PBXBuildFile; fileRef = 1866611619B5AA7D0092B7D6 /* HMViewController.m */; };
		1866611919B5AA7D0092B7D6 /* Images.xcassets in Resources */ = {isa = PBXBuildFile; fileRef = 1866611819B5AA7D0092B7D6 /* Images.xcassets */; };
		1866612019B5AA7D0092B7D6 /* XCTest.framework in Frameworks */ = {isa = PBXBuildFile; fileRef = 1866611F19B5AA7D0092B7D6 /* XCTest.framework */; };
		1866612119B5AA7D0092B7D6 /* Foundation.framework in Frameworks */ = {isa = PBXBuildFile; fileRef = 1866610019B5AA7D0092B7D6 /* Foundation.framework */; };
		1866612219B5AA7D0092B7D6 /* UIKit.framework in Frameworks */ = {isa = PBXBuildFile; fileRef = 1866610419B5AA7D0092B7D6 /* UIKit.framework */; };
		1866612A19B5AA7D0092B7D6 /* InfoPlist.strings in Resources */ = {isa = PBXBuildFile; fileRef = 1866612819B5AA7D0092B7D6 /* InfoPlist.strings */; };
		1866612C19B5AA7D0092B7D6 /* _5_UIKit__Tests.m in Sources */ = {isa = PBXBuildFile; fileRef = 1866612B19B5AA7D0092B7D6 /* _5_UIKit__Tests.m */; };
		1866613719B5AABC0092B7D6 /* HMView.m in Sources */ = {isa = PBXBuildFile; fileRef = 1866613619B5AABC0092B7D6 /* HMView.m */; };
/* End PBXBuildFile section */

/* Begin PBXContainerItemProxy section */
		1866612319B5AA7D0092B7D6 /* PBXContainerItemProxy */ = {
			isa = PBXContainerItemProxy;
			containerPortal = 186660F519B5AA7D0092B7D6 /* Project object */;
			proxyType = 1;
			remoteGlobalIDString = 186660FC19B5AA7D0092B7D6;
			remoteInfo = "05-UIKit演练";
		};
/* End PBXContainerItemProxy section */

/* Begin PBXFileReference section */
		186660FD19B5AA7D0092B7D6 /* 05-UIKit演练.app */ = {isa = PBXFileReference; explicitFileType = wrapper.application; includeInIndex = 0; path = "05-UIKit演练.app"; sourceTree = BUILT_PRODUCTS_DIR; };
		1866610019B5AA7D0092B7D6 /* Foundation.framework */ = {isa = PBXFileReference; lastKnownFileType = wrapper.framework; name = Foundation.framework; path = System/Library/Frameworks/Foundation.framework; sourceTree = SDKROOT; };
		1866610219B5AA7D0092B7D6 /* CoreGraphics.framework */ = {isa = PBXFileReference; lastKnownFileType = wrapper.framework; name = CoreGraphics.framework; path = System/Library/Frameworks/CoreGraphics.framework; sourceTree = SDKROOT; };
		1866610419B5AA7D0092B7D6 /* UIKit.framework */ = {isa = PBXFileReference; lastKnownFileType = wrapper.framework; name = UIKit.framework; path = System/Library/Frameworks/UIKit.framework; sourceTree = SDKROOT; };
		1866610819B5AA7D0092B7D6 /* 05-UIKit演练-Info.plist */ = {isa = PBXFileReference; lastKnownFileType = text.plist.xml; path = "05-UIKit演练-Info.plist"; sourceTree = "<group>"; };
		1866610A19B5AA7D0092B7D6 /* en */ = {isa = PBXFileReference; lastKnownFileType = text.plist.strings; name = en; path = en.lproj/InfoPlist.strings; sourceTree = "<group>"; };
		1866610C19B5AA7D0092B7D6 /* main.m */ = {isa = PBXFileReference; lastKnownFileType = sourcecode.c.objc; path = main.m; sourceTree = "<group>"; };
		1866610E19B5AA7D0092B7D6 /* 05-UIKit演练-Prefix.pch */ = {isa = PBXFileReference; lastKnownFileType = sourcecode.c.h; path = "05-UIKit演练-Prefix.pch"; sourceTree = "<group>"; };
		1866610F19B5AA7D0092B7D6 /* HMAppDelegate.h */ = {isa = PBXFileReference; lastKnownFileType = sourcecode.c.h; path = HMAppDelegate.h; sourceTree = "<group>"; };
		1866611019B5AA7D0092B7D6 /* HMAppDelegate.m */ = {isa = PBXFileReference; lastKnownFileType = sourcecode.c.objc; path = HMAppDelegate.m; sourceTree = "<group>"; };
		1866611319B5AA7D0092B7D6 /* Base */ = {isa = PBXFileReference; lastKnownFileType = file.storyboard; name = Base; path = Base.lproj/Main.storyboard; sourceTree = "<group>"; };
		1866611519B5AA7D0092B7D6 /* HMViewController.h */ = {isa = PBXFileReference; lastKnownFileType = sourcecode.c.h; path = HMViewController.h; sourceTree = "<group>"; };
		1866611619B5AA7D0092B7D6 /* HMViewController.m */ = {isa = PBXFileReference; lastKnownFileType = sourcecode.c.objc; path = HMViewController.m; sourceTree = "<group>"; };
		1866611819B5AA7D0092B7D6 /* Images.xcassets */ = {isa = PBXFileReference; lastKnownFileType = folder.assetcatalog; path = Images.xcassets; sourceTree = "<group>"; };
		1866611E19B5AA7D0092B7D6 /* 05-UIKit演练Tests.xctest */ = {isa = PBXFileReference; explicitFileType = wrapper.cfbundle; includeInIndex = 0; path = "05-UIKit演练Tests.xctest"; sourceTree = BUILT_PRODUCTS_DIR; };
		1866611F19B5AA7D0092B7D6 /* XCTest.framework */ = {isa = PBXFileReference; lastKnownFileType = wrapper.framework; name = XCTest.framework; path = Library/Frameworks/XCTest.framework; sourceTree = DEVELOPER_DIR; };
		1866612719B5AA7D0092B7D6 /* 05-UIKit演练Tests-Info.plist */ = {isa = PBXFileReference; lastKnownFileType = text.plist.xml; path = "05-UIKit演练Tests-Info.plist"; sourceTree = "<group>"; };
		1866612919B5AA7D0092B7D6 /* en */ = {isa = PBXFileReference; lastKnownFileType = text.plist.strings; name = en; path = en.lproj/InfoPlist.strings; sourceTree = "<group>"; };
		1866612B19B5AA7D0092B7D6 /* _5_UIKit__Tests.m */ = {isa = PBXFileReference; lastKnownFileType = sourcecode.c.objc; path = _5_UIKit__Tests.m; sourceTree = "<group>"; };
		1866613519B5AABC0092B7D6 /* HMView.h */ = {isa = PBXFileReference; fileEncoding = 4; lastKnownFileType = sourcecode.c.h; path = HMView.h; sourceTree = "<group>"; };
		1866613619B5AABC0092B7D6 /* HMView.m */ = {isa = PBXFileReference; fileEncoding = 4; lastKnownFileType = sourcecode.c.objc; path = HMView.m; sourceTree = "<group>"; };
/* End PBXFileReference section */

/* Begin PBXFrameworksBuildPhase section */
		186660FA19B5AA7D0092B7D6 /* Frameworks */ = {
			isa = PBXFrameworksBuildPhase;
			buildActionMask = 2147483647;
			files = (
				1866610319B5AA7D0092B7D6 /* CoreGraphics.framework in Frameworks */,
				1866610519B5AA7D0092B7D6 /* UIKit.framework in Frameworks */,
				1866610119B5AA7D0092B7D6 /* Foundation.framework in Frameworks */,
			);
			runOnlyForDeploymentPostprocessing = 0;
		};
		1866611B19B5AA7D0092B7D6 /* Frameworks */ = {
			isa = PBXFrameworksBuildPhase;
			buildActionMask = 2147483647;
			files = (
				1866612019B5AA7D0092B7D6 /* XCTest.framework in Frameworks */,
				1866612219B5AA7D0092B7D6 /* UIKit.framework in Frameworks */,
				1866612119B5AA7D0092B7D6 /* Foundation.framework in Frameworks */,
			);
			runOnlyForDeploymentPostprocessing = 0;
		};
/* End PBXFrameworksBuildPhase section */

/* Begin PBXGroup section */
		186660F419B5AA7D0092B7D6 = {
			isa = PBXGroup;
			children = (
				1866610619B5AA7D0092B7D6 /* 05-UIKit演练 */,
				1866612519B5AA7D0092B7D6 /* 05-UIKit演练Tests */,
				186660FF19B5AA7D0092B7D6 /* Frameworks */,
				186660FE19B5AA7D0092B7D6 /* Products */,
			);
			sourceTree = "<group>";
		};
		186660FE19B5AA7D0092B7D6 /* Products */ = {
			isa = PBXGroup;
			children = (
				186660FD19B5AA7D0092B7D6 /* 05-UIKit演练.app */,
				1866611E19B5AA7D0092B7D6 /* 05-UIKit演练Tests.xctest */,
			);
			name = Products;
			sourceTree = "<group>";
		};
		186660FF19B5AA7D0092B7D6 /* Frameworks */ = {
			isa = PBXGroup;
			children = (
				1866610019B5AA7D0092B7D6 /* Foundation.framework */,
				1866610219B5AA7D0092B7D6 /* CoreGraphics.framework */,
				1866610419B5AA7D0092B7D6 /* UIKit.framework */,
				1866611F19B5AA7D0092B7D6 /* XCTest.framework */,
			);
			name = Frameworks;
			sourceTree = "<group>";
		};
		1866610619B5AA7D0092B7D6 /* 05-UIKit演练 */ = {
			isa = PBXGroup;
			children = (
				1866610F19B5AA7D0092B7D6 /* HMAppDelegate.h */,
				1866611019B5AA7D0092B7D6 /* HMAppDelegate.m */,
				1866611219B5AA7D0092B7D6 /* Main.storyboard */,
				1866613519B5AABC0092B7D6 /* HMView.h */,
				1866613619B5AABC0092B7D6 /* HMView.m */,
				1866611519B5AA7D0092B7D6 /* HMViewController.h */,
				1866611619B5AA7D0092B7D6 /* HMViewController.m */,
				1866611819B5AA7D0092B7D6 /* Images.xcassets */,
				1866610719B5AA7D0092B7D6 /* Supporting Files */,
			);
			path = "05-UIKit演练";
			sourceTree = "<group>";
		};
		1866610719B5AA7D0092B7D6 /* Supporting Files */ = {
			isa = PBXGroup;
			children = (
				1866610819B5AA7D0092B7D6 /* 05-UIKit演练-Info.plist */,
				1866610919B5AA7D0092B7D6 /* InfoPlist.strings */,
				1866610C19B5AA7D0092B7D6 /* main.m */,
				1866610E19B5AA7D0092B7D6 /* 05-UIKit演练-Prefix.pch */,
			);
			name = "Supporting Files";
			sourceTree = "<group>";
		};
		1866612519B5AA7D0092B7D6 /* 05-UIKit演练Tests */ = {
			isa = PBXGroup;
			children = (
				1866612B19B5AA7D0092B7D6 /* _5_UIKit__Tests.m */,
				1866612619B5AA7D0092B7D6 /* Supporting Files */,
			);
			path = "05-UIKit演练Tests";
			sourceTree = "<group>";
		};
		1866612619B5AA7D0092B7D6 /* Supporting Files */ = {
			isa = PBXGroup;
			children = (
				1866612719B5AA7D0092B7D6 /* 05-UIKit演练Tests-Info.plist */,
				1866612819B5AA7D0092B7D6 /* InfoPlist.strings */,
			);
			name = "Supporting Files";
			sourceTree = "<group>";
		};
/* End PBXGroup section */

/* Begin PBXNativeTarget section */
		186660FC19B5AA7D0092B7D6 /* 05-UIKit演练 */ = {
			isa = PBXNativeTarget;
			buildConfigurationList = 1866612F19B5AA7D0092B7D6 /* Build configuration list for PBXNativeTarget "05-UIKit演练" */;
			buildPhases = (
				186660F919B5AA7D0092B7D6 /* Sources */,
				186660FA19B5AA7D0092B7D6 /* Frameworks */,
				186660FB19B5AA7D0092B7D6 /* Resources */,
			);
			buildRules = (
			);
			dependencies = (
			);
			name = "05-UIKit演练";
			productName = "05-UIKit演练";
			productReference = 186660FD19B5AA7D0092B7D6 /* 05-UIKit演练.app */;
			productType = "com.apple.product-type.application";
		};
		1866611D19B5AA7D0092B7D6 /* 05-UIKit演练Tests */ = {
			isa = PBXNativeTarget;
			buildConfigurationList = 1866613219B5AA7D0092B7D6 /* Build configuration list for PBXNativeTarget "05-UIKit演练Tests" */;
			buildPhases = (
				1866611A19B5AA7D0092B7D6 /* Sources */,
				1866611B19B5AA7D0092B7D6 /* Frameworks */,
				1866611C19B5AA7D0092B7D6 /* Resources */,
			);
			buildRules = (
			);
			dependencies = (
				1866612419B5AA7D0092B7D6 /* PBXTargetDependency */,
			);
			name = "05-UIKit演练Tests";
			productName = "05-UIKit演练Tests";
			productReference = 1866611E19B5AA7D0092B7D6 /* 05-UIKit演练Tests.xctest */;
			productType = "com.apple.product-type.bundle.unit-test";
		};
/* End PBXNativeTarget section */

/* Begin PBXProject section */
		186660F519B5AA7D0092B7D6 /* Project object */ = {
			isa = PBXProject;
			attributes = {
				CLASSPREFIX = HM;
				LastUpgradeCheck = 0510;
				ORGANIZATIONNAME = itcast;
				TargetAttributes = {
					1866611D19B5AA7D0092B7D6 = {
						TestTargetID = 186660FC19B5AA7D0092B7D6;
					};
				};
			};
			buildConfigurationList = 186660F819B5AA7D0092B7D6 /* Build configuration list for PBXProject "05-UIKit演练" */;
			compatibilityVersion = "Xcode 3.2";
			developmentRegion = English;
			hasScannedForEncodings = 0;
			knownRegions = (
				en,
				Base,
			);
			mainGroup = 186660F419B5AA7D0092B7D6;
			productRefGroup = 186660FE19B5AA7D0092B7D6 /* Products */;
			projectDirPath = "";
			projectRoot = "";
			targets = (
				186660FC19B5AA7D0092B7D6 /* 05-UIKit演练 */,
				1866611D19B5AA7D0092B7D6 /* 05-UIKit演练Tests */,
			);
		};
/* End PBXProject section */

/* Begin PBXResourcesBuildPhase section */
		186660FB19B5AA7D0092B7D6 /* Resources */ = {
			isa = PBXResourcesBuildPhase;
			buildActionMask = 2147483647;
			files = (
				1866611919B5AA7D0092B7D6 /* Images.xcassets in Resources */,
				1866610B19B5AA7D0092B7D6 /* InfoPlist.strings in Resources */,
				1866611419B5AA7D0092B7D6 /* Main.storyboard in Resources */,
			);
			runOnlyForDeploymentPostprocessing = 0;
		};
		1866611C19B5AA7D0092B7D6 /* Resources */ = {
			isa = PBXResourcesBuildPhase;
			buildActionMask = 2147483647;
			files = (
				1866612A19B5AA7D0092B7D6 /* InfoPlist.strings in Resources */,
			);
			runOnlyForDeploymentPostprocessing = 0;
		};
/* End PBXResourcesBuildPhase section */

/* Begin PBXSourcesBuildPhase section */
		186660F919B5AA7D0092B7D6 /* Sources */ = {
			isa = PBXSourcesBuildPhase;
			buildActionMask = 2147483647;
			files = (
				1866611719B5AA7D0092B7D6 /* HMViewController.m in Sources */,
				1866610D19B5AA7D0092B7D6 /* main.m in Sources */,
				1866611119B5AA7D0092B7D6 /* HMAppDelegate.m in Sources */,
				1866613719B5AABC0092B7D6 /* HMView.m in Sources */,
			);
			runOnlyForDeploymentPostprocessing = 0;
		};
		1866611A19B5AA7D0092B7D6 /* Sources */ = {
			isa = PBXSourcesBuildPhase;
			buildActionMask = 2147483647;
			files = (
				1866612C19B5AA7D0092B7D6 /* _5_UIKit__Tests.m in Sources */,
			);
			runOnlyForDeploymentPostprocessing = 0;
		};
/* End PBXSourcesBuildPhase section */

/* Begin PBXTargetDependency section */
		1866612419B5AA7D0092B7D6 /* PBXTargetDependency */ = {
			isa = PBXTargetDependency;
			target = 186660FC19B5AA7D0092B7D6 /* 05-UIKit演练 */;
			targetProxy = 1866612319B5AA7D0092B7D6 /* PBXContainerItemProxy */;
		};
/* End PBXTargetDependency section */

/* Begin PBXVariantGroup section */
		1866610919B5AA7D0092B7D6 /* InfoPlist.strings */ = {
			isa = PBXVariantGroup;
			children = (
				1866610A19B5AA7D0092B7D6 /* en */,
			);
			name = InfoPlist.strings;
			sourceTree = "<group>";
		};
		1866611219B5AA7D0092B7D6 /* Main.storyboard */ = {
			isa = PBXVariantGroup;
			children = (
				1866611319B5AA7D0092B7D6 /* Base */,
			);
			name = Main.storyboard;
			sourceTree = "<group>";
		};
		1866612819B5AA7D0092B7D6 /* InfoPlist.strings */ = {
			isa = PBXVariantGroup;
			children = (
				1866612919B5AA7D0092B7D6 /* en */,
			);
			name = InfoPlist.strings;
			sourceTree = "<group>";
		};
/* End PBXVariantGroup section */

/* Begin XCBuildConfiguration section */
		1866612D19B5AA7D0092B7D6 /* Debug */ = {
			isa = XCBuildConfiguration;
			buildSettings = {
				ALWAYS_SEARCH_USER_PATHS = NO;
				CLANG_CXX_LANGUAGE_STANDARD = "gnu++0x";
				CLANG_CXX_LIBRARY = "libc++";
				CLANG_ENABLE_MODULES = YES;
				CLANG_ENABLE_OBJC_ARC = YES;
				CLANG_WARN_BOOL_CONVERSION = YES;
				CLANG_WARN_CONSTANT_CONVERSION = YES;
				CLANG_WARN_DIRECT_OBJC_ISA_USAGE = YES_ERROR;
				CLANG_WARN_EMPTY_BODY = YES;
				CLANG_WARN_ENUM_CONVERSION = YES;
				CLANG_WARN_INT_CONVERSION = YES;
				CLANG_WARN_OBJC_ROOT_CLASS = YES_ERROR;
				CLANG_WARN__DUPLICATE_METHOD_MATCH = YES;
				"CODE_SIGN_IDENTITY[sdk=iphoneos*]" = "iPhone Developer";
				COPY_PHASE_STRIP = NO;
				GCC_C_LANGUAGE_STANDARD = gnu99;
				GCC_DYNAMIC_NO_PIC = NO;
				GCC_OPTIMIZATION_LEVEL = 0;
				GCC_PREPROCESSOR_DEFINITIONS = (
					"DEBUG=1",
					"$(inherited)",
				);
				GCC_SYMBOLS_PRIVATE_EXTERN = NO;
				GCC_WARN_64_TO_32_BIT_CONVERSION = YES;
				GCC_WARN_ABOUT_RETURN_TYPE = YES_ERROR;
				GCC_WARN_UNDECLARED_SELECTOR = YES;
				GCC_WARN_UNINITIALIZED_AUTOS = YES_AGGRESSIVE;
				GCC_WARN_UNUSED_FUNCTION = YES;
				GCC_WARN_UNUSED_VARIABLE = YES;
				IPHONEOS_DEPLOYMENT_TARGET = 7.1;
				ONLY_ACTIVE_ARCH = YES;
				SDKROOT = iphoneos;
			};
			name = Debug;
		};
		1866612E19B5AA7D0092B7D6 /* Release */ = {
			isa = XCBuildConfiguration;
			buildSettings = {
				ALWAYS_SEARCH_USER_PATHS = NO;
				CLANG_CXX_LANGUAGE_STANDARD = "gnu++0x";
				CLANG_CXX_LIBRARY = "libc++";
				CLANG_ENABLE_MODULES = YES;
				CLANG_ENABLE_OBJC_ARC = YES;
				CLANG_WARN_BOOL_CONVERSION = YES;
				CLANG_WARN_CONSTANT_CONVERSION = YES;
				CLANG_WARN_DIRECT_OBJC_ISA_USAGE = YES_ERROR;
				CLANG_WARN_EMPTY_BODY = YES;
				CLANG_WARN_ENUM_CONVERSION = YES;
				CLANG_WARN_INT_CONVERSION = YES;
				CLANG_WARN_OBJC_ROOT_CLASS = YES_ERROR;
				CLANG_WARN__DUPLICATE_METHOD_MATCH = YES;
				"CODE_SIGN_IDENTITY[sdk=iphoneos*]" = "iPhone Developer";
				COPY_PHASE_STRIP = YES;
				ENABLE_NS_ASSERTIONS = NO;
				GCC_C_LANGUAGE_STANDARD = gnu99;
				GCC_WARN_64_TO_32_BIT_CONVERSION = YES;
				GCC_WARN_ABOUT_RETURN_TYPE = YES_ERROR;
				GCC_WARN_UNDECLARED_SELECTOR = YES;
				GCC_WARN_UNINITIALIZED_AUTOS = YES_AGGRESSIVE;
				GCC_WARN_UNUSED_FUNCTION = YES;
				GCC_WARN_UNUSED_VARIABLE = YES;
				IPHONEOS_DEPLOYMENT_TARGET = 7.1;
				SDKROOT = iphoneos;
				VALIDATE_PRODUCT = YES;
			};
			name = Release;
		};
		1866613019B5AA7D0092B7D6 /* Debug */ = {
			isa = XCBuildConfiguration;
			buildSettings = {
				ASSETCATALOG_COMPILER_APPICON_NAME = AppIcon;
				ASSETCATALOG_COMPILER_LAUNCHIMAGE_NAME = LaunchImage;
				GCC_PRECOMPILE_PREFIX_HEADER = YES;
				GCC_PREFIX_HEADER = "05-UIKit演练/05-UIKit演练-Prefix.pch";
				INFOPLIST_FILE = "05-UIKit演练/05-UIKit演练-Info.plist";
				PRODUCT_NAME = "$(TARGET_NAME)";
				WRAPPER_EXTENSION = app;
			};
			name = Debug;
		};
		1866613119B5AA7D0092B7D6 /* Release */ = {
			isa = XCBuildConfiguration;
			buildSettings = {
				ASSETCATALOG_COMPILER_APPICON_NAME = AppIcon;
				ASSETCATALOG_COMPILER_LAUNCHIMAGE_NAME = LaunchImage;
				GCC_PRECOMPILE_PREFIX_HEADER = YES;
				GCC_PREFIX_HEADER = "05-UIKit演练/05-UIKit演练-Prefix.pch";
				INFOPLIST_FILE = "05-UIKit演练/05-UIKit演练-Info.plist";
				PRODUCT_NAME = "$(TARGET_NAME)";
				WRAPPER_EXTENSION = app;
			};
			name = Release;
		};
		1866613319B5AA7D0092B7D6 /* Debug */ = {
			isa = XCBuildConfiguration;
			buildSettings = {
				BUNDLE_LOADER = "$(BUILT_PRODUCTS_DIR)/05-UIKit演练.app/05-UIKit演练";
				FRAMEWORK_SEARCH_PATHS = (
					"$(SDKROOT)/Developer/Library/Frameworks",
					"$(inherited)",
					"$(DEVELOPER_FRAMEWORKS_DIR)",
				);
				GCC_PRECOMPILE_PREFIX_HEADER = YES;
				GCC_PREFIX_HEADER = "05-UIKit演练/05-UIKit演练-Prefix.pch";
				GCC_PREPROCESSOR_DEFINITIONS = (
					"DEBUG=1",
					"$(inherited)",
				);
				INFOPLIST_FILE = "05-UIKit演练Tests/05-UIKit演练Tests-Info.plist";
				PRODUCT_NAME = "$(TARGET_NAME)";
				TEST_HOST = "$(BUNDLE_LOADER)";
				WRAPPER_EXTENSION = xctest;
			};
			name = Debug;
		};
		1866613419B5AA7D0092B7D6 /* Release */ = {
			isa = XCBuildConfiguration;
			buildSettings = {
				BUNDLE_LOADER = "$(BUILT_PRODUCTS_DIR)/05-UIKit演练.app/05-UIKit演练";
				FRAMEWORK_SEARCH_PATHS = (
					"$(SDKROOT)/Developer/Library/Frameworks",
					"$(inherited)",
					"$(DEVELOPER_FRAMEWORKS_DIR)",
				);
				GCC_PRECOMPILE_PREFIX_HEADER = YES;
				GCC_PREFIX_HEADER = "05-UIKit演练/05-UIKit演练-Prefix.pch";
				INFOPLIST_FILE = "05-UIKit演练Tests/05-UIKit演练Tests-Info.plist";
				PRODUCT_NAME = "$(TARGET_NAME)";
				TEST_HOST = "$(BUNDLE_LOADER)";
				WRAPPER_EXTENSION = xctest;
			};
			name = Release;
		};
/* End XCBuildConfiguration section */

/* Begin XCConfigurationList section */
		186660F819B5AA7D0092B7D6 /* Build configuration list for PBXProject "05-UIKit演练" */ = {
			isa = XCConfigurationList;
			buildConfigurations = (
				1866612D19B5AA7D0092B7D6 /* Debug */,
				1866612E19B5AA7D0092B7D6 /* Release */,
			);
			defaultConfigurationIsVisible = 0;
			defaultConfigurationName = Release;
		};
		1866612F19B5AA7D0092B7D6 /* Build configuration list for PBXNativeTarget "05-UIKit演练" */ = {
			isa = XCConfigurationList;
			buildConfigurations = (
				1866613019B5AA7D0092B7D6 /* Debug */,
				1866613119B5AA7D0092B7D6 /* Release */,
			);
			defaultConfigurationIsVisible = 0;
		};
		1866613219B5AA7D0092B7D6 /* Build configuration list for PBXNativeTarget "05-UIKit演练Tests" */ = {
			isa = XCConfigurationList;
			buildConfigurations = (
				1866613319B5AA7D0092B7D6 /* Debug */,
				1866613419B5AA7D0092B7D6 /* Release */,
			);
			defaultConfigurationIsVisible = 0;
		};
/* End XCConfigurationList section */
	};
	rootObject = 186660F519B5AA7D0092B7D6 /* Project object */;
}
